
Microsoft Visual Studio Solution File, Format Version 12.00
# Visual Studio Version 16
VisualStudioVersion = 16.0.31112.23
MinimumVisualStudioVersion = 10.0.40219.1
Project("{FAE04EC0-301F-11D3-BF4B-00C04F79EFBC}") = "TimeBandChecker", "TimeBandChecker\TimeBandChecker.csproj", "{034C70CC-D641-4971-9316-1F6B8BF646BA}"
EndProject
Project("{FAE04EC0-301F-11D3-BF4B-00C04F79EFBC}") = "TimeBandChecker_Test", "TimeBandChecker_Test\TimeBandChecker_Test.csproj", "{09569EDA-1A30-4E42-B5C2-ECC6F5FC8B9A}"
EndProject
Global
	GlobalSection(SolutionConfigurationPlatforms) = preSolution
		Debug|Any CPU = Debug|Any CPU
		Release|Any CPU = Release|Any CPU
	EndGlobalSection
	GlobalSection(ProjectConfigurationPlatforms) = postSolution
		{034C70CC-D641-4971-9316-1F6B8BF646BA}.Debug|Any CPU.ActiveCfg = Debug|Any CPU
		{034C70CC-D641-4971-9316-1F6B8BF646BA}.Debug|Any CPU.Build.0 = Debug|Any CPU
		{034C70CC-D641-4971-9316-1F6B8BF646BA}.Release|Any CPU.ActiveCfg = Release|Any CPU
		{034C70CC-D641-4971-9316-1F6B8BF646BA}.Release|Any CPU.Build.0 = Release|Any CPU
		{09569EDA-1A30-4E42-B5C2-ECC6F5FC8B9A}.Debug|Any CPU.ActiveCfg = Debug|Any CPU
		{09569EDA-1A30-4E42-B5C2-ECC6F5FC8B9A}.Debug|Any CPU.Build.0 = Debug|Any CPU
		{09569EDA-1A30-4E42-B5C2-ECC6F5FC8B9A}.Release|Any CPU.ActiveCfg = Release|Any CPU
		{09569EDA-1A30-4E42-B5C2-ECC6F5FC8B9A}.Release|Any CPU.Build.0 = Release|Any CPU
	EndGlobalSection
	GlobalSection(SolutionProperties) = preSolution
		HideSolutionNode = FALSE
	EndGlobalSection
	GlobalSection(ExtensibilityGlobals) = postSolution
		SolutionGuid = {63C0CBB4-FC09-49BD-ADF3-301121EAA2B4}
	EndGlobalSection
EndGlobal
